// !$*UTF8*$!
{
	archiveVersion = 1;
	classes = {
	};
	objectVersion = 46;
	objects = {

/* Begin PBXBuildFile section */
		091191191D5A1C810096801E /* FireExplosion.sks in Resources */ = {isa = PBXBuildFile; fileRef = 091191181D5A1C810096801E /* FireExplosion.sks */; };
		091457391D58E45500986C3B /* airplaneFlyBy.mp3 in Resources */ = {isa = PBXBuildFile; fileRef = 091457321D58E45500986C3B /* airplaneFlyBy.mp3 */; };
		0914573C1D58E45500986C3B /* bGCannons.mp3 in Resources */ = {isa = PBXBuildFile; fileRef = 091457351D58E45500986C3B /* bGCannons.mp3 */; };
		091573171D540E1A00C9B907 /* AppDelegate.swift in Sources */ = {isa = PBXBuildFile; fileRef = 091573161D540E1A00C9B907 /* AppDelegate.swift */; };
		0915731B1D540E1A00C9B907 /* GameScene.swift in Sources */ = {isa = PBXBuildFile; fileRef = 0915731A1D540E1A00C9B907 /* GameScene.swift */; };
		0915731D1D540E1A00C9B907 /* GameViewController.swift in Sources */ = {isa = PBXBuildFile; fileRef = 0915731C1D540E1A00C9B907 /* GameViewController.swift */; };
		091573201D540E1A00C9B907 /* Main.storyboard in Resources */ = {isa = PBXBuildFile; fileRef = 0915731E1D540E1A00C9B907 /* Main.storyboard */; };
		091573221D540E1A00C9B907 /* Assets.xcassets in Resources */ = {isa = PBXBuildFile; fileRef = 091573211D540E1A00C9B907 /* Assets.xcassets */; };
		091573251D540E1A00C9B907 /* LaunchScreen.storyboard in Resources */ = {isa = PBXBuildFile; fileRef = 091573231D540E1A00C9B907 /* LaunchScreen.storyboard */; };
		091573301D540E1A00C9B907 /* SkyEscapeTests.swift in Sources */ = {isa = PBXBuildFile; fileRef = 0915732F1D540E1A00C9B907 /* SkyEscapeTests.swift */; };
		0915733B1D540E1A00C9B907 /* SkyEscapeUITests.swift in Sources */ = {isa = PBXBuildFile; fileRef = 0915733A1D540E1A00C9B907 /* SkyEscapeUITests.swift */; };
		091573531D5410DF00C9B907 /* SpriteKit.framework in Frameworks */ = {isa = PBXBuildFile; fileRef = 091573521D5410DF00C9B907 /* SpriteKit.framework */; };
		0915736C1D54392D00C9B907 /* Gunfire.sks in Resources */ = {isa = PBXBuildFile; fileRef = 0915736A1D54392D00C9B907 /* Gunfire.sks */; };
		0915736D1D54392D00C9B907 /* spark.png in Resources */ = {isa = PBXBuildFile; fileRef = 0915736B1D54392D00C9B907 /* spark.png */; };
		091630911D653F6700E86A4E /* GameScene.sks in Resources */ = {isa = PBXBuildFile; fileRef = 091630901D653F6700E86A4E /* GameScene.sks */; };
		09213BF71D66DE320086D465 /* prop.mp3 in Resources */ = {isa = PBXBuildFile; fileRef = 09213BF61D66DE320086D465 /* prop.mp3 */; };
		09213BF91D66DE400086D465 /* machGun.mp3 in Resources */ = {isa = PBXBuildFile; fileRef = 09213BF81D66DE400086D465 /* machGun.mp3 */; };
		09213BFB1D676E7D0086D465 /* battle.mp3 in Resources */ = {isa = PBXBuildFile; fileRef = 09213BFA1D676E7D0086D465 /* battle.mp3 */; };
		09213BFD1D676E840086D465 /* skyBoom.mp3 in Resources */ = {isa = PBXBuildFile; fileRef = 09213BFC1D676E840086D465 /* skyBoom.mp3 */; };
		09213BFF1D67723A0086D465 /* SkyBombs.sks in Resources */ = {isa = PBXBuildFile; fileRef = 09213BFE1D67723A0086D465 /* SkyBombs.sks */; };
		09213C031D6784FE0086D465 /* flyBy.mp3 in Resources */ = {isa = PBXBuildFile; fileRef = 09213C021D6784FE0086D465 /* flyBy.mp3 */; };
		09213C071D6797070086D465 /* mp5Gun.mp3 in Resources */ = {isa = PBXBuildFile; fileRef = 09213C061D6797070086D465 /* mp5Gun.mp3 */; };
		09213C091D68E0840086D465 /* RandomFunction.swift in Sources */ = {isa = PBXBuildFile; fileRef = 09213C081D68E0840086D465 /* RandomFunction.swift */; };
		0960921F1D5453390085B693 /* bgMusic.mp3 in Resources */ = {isa = PBXBuildFile; fileRef = 096092171D5453390085B693 /* bgMusic.mp3 */; };
		096092201D5453390085B693 /* biplaneFlying.mp3 in Resources */ = {isa = PBXBuildFile; fileRef = 096092181D5453390085B693 /* biplaneFlying.mp3 */; };
		096092221D5453390085B693 /* bombDrop.mp3 in Resources */ = {isa = PBXBuildFile; fileRef = 0960921A1D5453390085B693 /* bombDrop.mp3 */; };
		096092231D5453390085B693 /* crash.mp3 in Resources */ = {isa = PBXBuildFile; fileRef = 0960921B1D5453390085B693 /* crash.mp3 */; };
		096092241D5453390085B693 /* gunfire.mp3 in Resources */ = {isa = PBXBuildFile; fileRef = 0960921C1D5453390085B693 /* gunfire.mp3 */; };
		0967DE641D6A42EA00832C98 /* Airplanes.atlas in Resources */ = {isa = PBXBuildFile; fileRef = 0967DE631D6A42EA00832C98 /* Airplanes.atlas */; };
		0967DE661D6A42F900832C98 /* Assets.atlas in Resources */ = {isa = PBXBuildFile; fileRef = 0967DE651D6A42F900832C98 /* Assets.atlas */; };
		0967DE731D6A432C00832C98 /* Thank you.pdf in Resources */ = {isa = PBXBuildFile; fileRef = 0967DE721D6A432C00832C98 /* Thank you.pdf */; };
		0967DE8D1D6A9F6700832C98 /* MyPlane.swift in Sources */ = {isa = PBXBuildFile; fileRef = 0967DE8C1D6A9F6700832C98 /* MyPlane.swift */; };
		09A3F07C1D5D158900A54FBF /* EnemyFire.swift in Sources */ = {isa = PBXBuildFile; fileRef = 09A3F07B1D5D158900A54FBF /* EnemyFire.swift */; };
		09A3F07E1D5D15CB00A54FBF /* EnemyMissiles.swift in Sources */ = {isa = PBXBuildFile; fileRef = 09A3F07D1D5D15CB00A54FBF /* EnemyMissiles.swift */; };
		09A3F0861D5D371500A54FBF /* Tank.swift in Sources */ = {isa = PBXBuildFile; fileRef = 09A3F0851D5D371500A54FBF /* Tank.swift */; };
		09A3F09A1D5FE8F500A54FBF /* Star.swift in Sources */ = {isa = PBXBuildFile; fileRef = 09A3F0991D5FE8F500A54FBF /* Star.swift */; };
		09A3F09E1D5FEA1000A54FBF /* Coins.swift in Sources */ = {isa = PBXBuildFile; fileRef = 09A3F09D1D5FEA1000A54FBF /* Coins.swift */; };
		09A3F0AA1D60068400A54FBF /* Player.swift in Sources */ = {isa = PBXBuildFile; fileRef = 09A3F0A91D60068400A54FBF /* Player.swift */; };
		09A3F0AC1D618EB400A54FBF /* Enemy.swift in Sources */ = {isa = PBXBuildFile; fileRef = 09A3F0AB1D618EB400A54FBF /* Enemy.swift */; };
		09A3F0AE1D6228C100A54FBF /* Bullets.swift in Sources */ = {isa = PBXBuildFile; fileRef = 09A3F0AD1D6228C100A54FBF /* Bullets.swift */; };
		09A3F0B01D62367400A54FBF /* Bombs.swift in Sources */ = {isa = PBXBuildFile; fileRef = 09A3F0AF1D62367400A54FBF /* Bombs.swift */; };
		09C864B91D6C03C300C2023B /* startGame.mp3 in Resources */ = {isa = PBXBuildFile; fileRef = 09C864B81D6C03C300C2023B /* startGame.mp3 */; };
		09C864BD1D6CCBBE00C2023B /* tank.mp3 in Resources */ = {isa = PBXBuildFile; fileRef = 09C864BC1D6CCBBE00C2023B /* tank.mp3 */; };
		09C864BF1D6CCBC600C2023B /* mortarRound.mp3 in Resources */ = {isa = PBXBuildFile; fileRef = 09C864BE1D6CCBC600C2023B /* mortarRound.mp3 */; };
		09C864C11D6CD5FC00C2023B /* InstructionScene.swift in Sources */ = {isa = PBXBuildFile; fileRef = 09C864C01D6CD5FC00C2023B /* InstructionScene.swift */; };
		09C864C61D6D181D00C2023B /* AllyPlanes.atlas in Resources */ = {isa = PBXBuildFile; fileRef = 09C864C51D6D181D00C2023B /* AllyPlanes.atlas */; };
		09C864C81D6D182E00C2023B /* EnemyPlanes.atlas in Resources */ = {isa = PBXBuildFile; fileRef = 09C864C71D6D182E00C2023B /* EnemyPlanes.atlas */; };
		09C864CA1D6D40DF00C2023B /* AllyPlanes2.atlas in Resources */ = {isa = PBXBuildFile; fileRef = 09C864C91D6D40DF00C2023B /* AllyPlanes2.atlas */; };
		09C864CC1D6D41DB00C2023B /* EnemyPlanes2.atlas in Resources */ = {isa = PBXBuildFile; fileRef = 09C864CB1D6D41DB00C2023B /* EnemyPlanes2.atlas */; };
		09C864D21D6D430400C2023B /* Turret.atlas in Resources */ = {isa = PBXBuildFile; fileRef = 09C864CD1D6D430400C2023B /* Turret.atlas */; };
		09C864D31D6D430400C2023B /* SoldierShoot.atlas in Resources */ = {isa = PBXBuildFile; fileRef = 09C864CE1D6D430400C2023B /* SoldierShoot.atlas */; };
		09C864D41D6D430400C2023B /* SoldierWalk.atlas in Resources */ = {isa = PBXBuildFile; fileRef = 09C864CF1D6D430400C2023B /* SoldierWalk.atlas */; };
		09C864D51D6D430400C2023B /* TankAttack.atlas in Resources */ = {isa = PBXBuildFile; fileRef = 09C864D01D6D430400C2023B /* TankAttack.atlas */; };
		09C864D61D6D430400C2023B /* TankForward.atlas in Resources */ = {isa = PBXBuildFile; fileRef = 09C864D11D6D430400C2023B /* TankForward.atlas */; };
		09C864DA1D6D43CB00C2023B /* powerUp.mp3 in Resources */ = {isa = PBXBuildFile; fileRef = 09C864D91D6D43CB00C2023B /* powerUp.mp3 */; };
		09C864DE1D6FEBC800C2023B /* InstructionScene.sks in Resources */ = {isa = PBXBuildFile; fileRef = 09C864DD1D6FEBC800C2023B /* InstructionScene.sks */; };
		09CC3E361D5A971B004BEB39 /* AVFoundation.framework in Frameworks */ = {isa = PBXBuildFile; fileRef = 09CC3E351D5A971B004BEB39 /* AVFoundation.framework */; };
		09D75D4F1D550BBC00AF76C5 /* Smoke.sks in Resources */ = {isa = PBXBuildFile; fileRef = 09D75D4E1D550BBC00AF76C5 /* Smoke.sks */; };
		09D75D511D550BE800AF76C5 /* Explode.sks in Resources */ = {isa = PBXBuildFile; fileRef = 09D75D501D550BE800AF76C5 /* Explode.sks */; };
		09D75D531D5515BF00AF76C5 /* SmokeTrail.sks in Resources */ = {isa = PBXBuildFile; fileRef = 09D75D521D5515BF00AF76C5 /* SmokeTrail.sks */; };
		09D75D571D5803B300AF76C5 /* CoreMotion.framework in Frameworks */ = {isa = PBXBuildFile; fileRef = 09D75D561D5803B300AF76C5 /* CoreMotion.framework */; };
		09E1A2F31D693EF100411D1E /* MainMenu.sks in Resources */ = {isa = PBXBuildFile; fileRef = 09E1A2F21D693EF100411D1E /* MainMenu.sks */; };
		09E1A2F51D6941F300411D1E /* MainMenu.swift in Sources */ = {isa = PBXBuildFile; fileRef = 09E1A2F41D6941F300411D1E /* MainMenu.swift */; };
		09E1A2F71D694AD400411D1E /* guardianpi.ttf in Resources */ = {isa = PBXBuildFile; fileRef = 09E1A2F61D694AD400411D1E /* guardianpi.ttf */; };
/* End PBXBuildFile section */

/* Begin PBXContainerItemProxy section */
		0915732C1D540E1A00C9B907 /* PBXContainerItemProxy */ = {
			isa = PBXContainerItemProxy;
			containerPortal = 0915730B1D540E1A00C9B907 /* Project object */;
			proxyType = 1;
			remoteGlobalIDString = 091573121D540E1A00C9B907;
			remoteInfo = SkyEscape;
		};
		091573371D540E1A00C9B907 /* PBXContainerItemProxy */ = {
			isa = PBXContainerItemProxy;
			containerPortal = 0915730B1D540E1A00C9B907 /* Project object */;
			proxyType = 1;
			remoteGlobalIDString = 091573121D540E1A00C9B907;
			remoteInfo = SkyEscape;
		};
/* End PBXContainerItemProxy section */

/* Begin PBXFileReference section */
		091191181D5A1C810096801E /* FireExplosion.sks */ = {isa = PBXFileReference; lastKnownFileType = file.sks; path = FireExplosion.sks; sourceTree = "<group>"; };
		091457321D58E45500986C3B /* airplaneFlyBy.mp3 */ = {isa = PBXFileReference; lastKnownFileType = audio.mp3; path = airplaneFlyBy.mp3; sourceTree = "<group>"; };
		091457351D58E45500986C3B /* bGCannons.mp3 */ = {isa = PBXFileReference; lastKnownFileType = audio.mp3; path = bGCannons.mp3; sourceTree = "<group>"; };
		091573131D540E1A00C9B907 /* SkyEscape.app */ = {isa = PBXFileReference; explicitFileType = wrapper.application; includeInIndex = 0; path = SkyEscape.app; sourceTree = BUILT_PRODUCTS_DIR; };
		091573161D540E1A00C9B907 /* AppDelegate.swift */ = {isa = PBXFileReference; lastKnownFileType = sourcecode.swift; path = AppDelegate.swift; sourceTree = "<group>"; };
		0915731A1D540E1A00C9B907 /* GameScene.swift */ = {isa = PBXFileReference; lastKnownFileType = sourcecode.swift; path = GameScene.swift; sourceTree = "<group>"; };
		0915731C1D540E1A00C9B907 /* GameViewController.swift */ = {isa = PBXFileReference; lastKnownFileType = sourcecode.swift; path = GameViewController.swift; sourceTree = "<group>"; };
		0915731F1D540E1A00C9B907 /* Base */ = {isa = PBXFileReference; lastKnownFileType = file.storyboard; name = Base; path = Base.lproj/Main.storyboard; sourceTree = "<group>"; };
		091573211D540E1A00C9B907 /* Assets.xcassets */ = {isa = PBXFileReference; lastKnownFileType = folder.assetcatalog; path = Assets.xcassets; sourceTree = "<group>"; };
		091573241D540E1A00C9B907 /* Base */ = {isa = PBXFileReference; lastKnownFileType = file.storyboard; name = Base; path = Base.lproj/LaunchScreen.storyboard; sourceTree = "<group>"; };
		091573261D540E1A00C9B907 /* Info.plist */ = {isa = PBXFileReference; lastKnownFileType = text.plist.xml; path = Info.plist; sourceTree = "<group>"; };
		0915732B1D540E1A00C9B907 /* SkyEscapeTests.xctest */ = {isa = PBXFileReference; explicitFileType = wrapper.cfbundle; includeInIndex = 0; path = SkyEscapeTests.xctest; sourceTree = BUILT_PRODUCTS_DIR; };
		0915732F1D540E1A00C9B907 /* SkyEscapeTests.swift */ = {isa = PBXFileReference; lastKnownFileType = sourcecode.swift; path = SkyEscapeTests.swift; sourceTree = "<group>"; };
		091573311D540E1A00C9B907 /* Info.plist */ = {isa = PBXFileReference; lastKnownFileType = text.plist.xml; path = Info.plist; sourceTree = "<group>"; };
		091573361D540E1A00C9B907 /* SkyEscapeUITests.xctest */ = {isa = PBXFileReference; explicitFileType = wrapper.cfbundle; includeInIndex = 0; path = SkyEscapeUITests.xctest; sourceTree = BUILT_PRODUCTS_DIR; };
		0915733A1D540E1A00C9B907 /* SkyEscapeUITests.swift */ = {isa = PBXFileReference; lastKnownFileType = sourcecode.swift; path = SkyEscapeUITests.swift; sourceTree = "<group>"; };
		0915733C1D540E1A00C9B907 /* Info.plist */ = {isa = PBXFileReference; lastKnownFileType = text.plist.xml; path = Info.plist; sourceTree = "<group>"; };
		091573521D5410DF00C9B907 /* SpriteKit.framework */ = {isa = PBXFileReference; lastKnownFileType = wrapper.framework; name = SpriteKit.framework; path = System/Library/Frameworks/SpriteKit.framework; sourceTree = SDKROOT; };
		0915736A1D54392D00C9B907 /* Gunfire.sks */ = {isa = PBXFileReference; lastKnownFileType = file.sks; path = Gunfire.sks; sourceTree = "<group>"; };
		0915736B1D54392D00C9B907 /* spark.png */ = {isa = PBXFileReference; lastKnownFileType = image.png; path = spark.png; sourceTree = "<group>"; };
		091630901D653F6700E86A4E /* GameScene.sks */ = {isa = PBXFileReference; lastKnownFileType = file.sks; path = GameScene.sks; sourceTree = "<group>"; };
		09213BF61D66DE320086D465 /* prop.mp3 */ = {isa = PBXFileReference; lastKnownFileType = audio.mp3; path = prop.mp3; sourceTree = "<group>"; };
		09213BF81D66DE400086D465 /* machGun.mp3 */ = {isa = PBXFileReference; lastKnownFileType = audio.mp3; path = machGun.mp3; sourceTree = "<group>"; };
		09213BFA1D676E7D0086D465 /* battle.mp3 */ = {isa = PBXFileReference; lastKnownFileType = audio.mp3; path = battle.mp3; sourceTree = "<group>"; };
		09213BFC1D676E840086D465 /* skyBoom.mp3 */ = {isa = PBXFileReference; lastKnownFileType = audio.mp3; path = skyBoom.mp3; sourceTree = "<group>"; };
		09213BFE1D67723A0086D465 /* SkyBombs.sks */ = {isa = PBXFileReference; lastKnownFileType = file.sks; path = SkyBombs.sks; sourceTree = "<group>"; };
		09213C021D6784FE0086D465 /* flyBy.mp3 */ = {isa = PBXFileReference; lastKnownFileType = audio.mp3; path = flyBy.mp3; sourceTree = "<group>"; };
		09213C061D6797070086D465 /* mp5Gun.mp3 */ = {isa = PBXFileReference; lastKnownFileType = audio.mp3; path = mp5Gun.mp3; sourceTree = "<group>"; };
		09213C081D68E0840086D465 /* RandomFunction.swift */ = {isa = PBXFileReference; fileEncoding = 4; lastKnownFileType = sourcecode.swift; path = RandomFunction.swift; sourceTree = "<group>"; };
		096092171D5453390085B693 /* bgMusic.mp3 */ = {isa = PBXFileReference; lastKnownFileType = audio.mp3; path = bgMusic.mp3; sourceTree = "<group>"; };
		096092181D5453390085B693 /* biplaneFlying.mp3 */ = {isa = PBXFileReference; lastKnownFileType = audio.mp3; path = biplaneFlying.mp3; sourceTree = "<group>"; };
		0960921A1D5453390085B693 /* bombDrop.mp3 */ = {isa = PBXFileReference; lastKnownFileType = audio.mp3; path = bombDrop.mp3; sourceTree = "<group>"; };
		0960921B1D5453390085B693 /* crash.mp3 */ = {isa = PBXFileReference; lastKnownFileType = audio.mp3; path = crash.mp3; sourceTree = "<group>"; };
		0960921C1D5453390085B693 /* gunfire.mp3 */ = {isa = PBXFileReference; lastKnownFileType = audio.mp3; path = gunfire.mp3; sourceTree = "<group>"; };
		0967DE631D6A42EA00832C98 /* Airplanes.atlas */ = {isa = PBXFileReference; lastKnownFileType = folder.skatlas; path = Airplanes.atlas; sourceTree = "<group>"; };
		0967DE651D6A42F900832C98 /* Assets.atlas */ = {isa = PBXFileReference; lastKnownFileType = folder.skatlas; path = Assets.atlas; sourceTree = "<group>"; };
		0967DE721D6A432C00832C98 /* Thank you.pdf */ = {isa = PBXFileReference; lastKnownFileType = image.pdf; path = "Thank you.pdf"; sourceTree = "<group>"; };
		0967DE8C1D6A9F6700832C98 /* MyPlane.swift */ = {isa = PBXFileReference; fileEncoding = 4; lastKnownFileType = sourcecode.swift; path = MyPlane.swift; sourceTree = "<group>"; };
		09A3F07B1D5D158900A54FBF /* EnemyFire.swift */ = {isa = PBXFileReference; fileEncoding = 4; lastKnownFileType = sourcecode.swift; path = EnemyFire.swift; sourceTree = "<group>"; };
		09A3F07D1D5D15CB00A54FBF /* EnemyMissiles.swift */ = {isa = PBXFileReference; fileEncoding = 4; lastKnownFileType = sourcecode.swift; path = EnemyMissiles.swift; sourceTree = "<group>"; };
		09A3F0851D5D371500A54FBF /* Tank.swift */ = {isa = PBXFileReference; fileEncoding = 4; lastKnownFileType = sourcecode.swift; path = Tank.swift; sourceTree = "<group>"; };
		09A3F0991D5FE8F500A54FBF /* Star.swift */ = {isa = PBXFileReference; fileEncoding = 4; lastKnownFileType = sourcecode.swift; path = Star.swift; sourceTree = "<group>"; };
		09A3F09D1D5FEA1000A54FBF /* Coins.swift */ = {isa = PBXFileReference; fileEncoding = 4; lastKnownFileType = sourcecode.swift; path = Coins.swift; sourceTree = "<group>"; };
		09A3F0A91D60068400A54FBF /* Player.swift */ = {isa = PBXFileReference; fileEncoding = 4; lastKnownFileType = sourcecode.swift; path = Player.swift; sourceTree = "<group>"; };
		09A3F0AB1D618EB400A54FBF /* Enemy.swift */ = {isa = PBXFileReference; fileEncoding = 4; lastKnownFileType = sourcecode.swift; path = Enemy.swift; sourceTree = "<group>"; };
		09A3F0AD1D6228C100A54FBF /* Bullets.swift */ = {isa = PBXFileReference; fileEncoding = 4; lastKnownFileType = sourcecode.swift; path = Bullets.swift; sourceTree = "<group>"; };
		09A3F0AF1D62367400A54FBF /* Bombs.swift */ = {isa = PBXFileReference; fileEncoding = 4; lastKnownFileType = sourcecode.swift; path = Bombs.swift; sourceTree = "<group>"; };
		09C864B81D6C03C300C2023B /* startGame.mp3 */ = {isa = PBXFileReference; lastKnownFileType = audio.mp3; path = startGame.mp3; sourceTree = "<group>"; };
		09C864BC1D6CCBBE00C2023B /* tank.mp3 */ = {isa = PBXFileReference; lastKnownFileType = audio.mp3; path = tank.mp3; sourceTree = "<group>"; };
		09C864BE1D6CCBC600C2023B /* mortarRound.mp3 */ = {isa = PBXFileReference; lastKnownFileType = audio.mp3; path = mortarRound.mp3; sourceTree = "<group>"; };
		09C864C01D6CD5FC00C2023B /* InstructionScene.swift */ = {isa = PBXFileReference; fileEncoding = 4; lastKnownFileType = sourcecode.swift; path = InstructionScene.swift; sourceTree = "<group>"; };
		09C864C51D6D181D00C2023B /* AllyPlanes.atlas */ = {isa = PBXFileReference; lastKnownFileType = folder.skatlas; path = AllyPlanes.atlas; sourceTree = "<group>"; };
		09C864C71D6D182E00C2023B /* EnemyPlanes.atlas */ = {isa = PBXFileReference; lastKnownFileType = folder.skatlas; path = EnemyPlanes.atlas; sourceTree = "<group>"; };
		09C864C91D6D40DF00C2023B /* AllyPlanes2.atlas */ = {isa = PBXFileReference; lastKnownFileType = folder.skatlas; path = AllyPlanes2.atlas; sourceTree = "<group>"; };
		09C864CB1D6D41DB00C2023B /* EnemyPlanes2.atlas */ = {isa = PBXFileReference; lastKnownFileType = folder.skatlas; path = EnemyPlanes2.atlas; sourceTree = "<group>"; };
		09C864CD1D6D430400C2023B /* Turret.atlas */ = {isa = PBXFileReference; lastKnownFileType = folder.skatlas; path = Turret.atlas; sourceTree = "<group>"; };
		09C864CE1D6D430400C2023B /* SoldierShoot.atlas */ = {isa = PBXFileReference; lastKnownFileType = folder.skatlas; path = SoldierShoot.atlas; sourceTree = "<group>"; };
		09C864CF1D6D430400C2023B /* SoldierWalk.atlas */ = {isa = PBXFileReference; lastKnownFileType = folder.skatlas; path = SoldierWalk.atlas; sourceTree = "<group>"; };
		09C864D01D6D430400C2023B /* TankAttack.atlas */ = {isa = PBXFileReference; lastKnownFileType = folder.skatlas; path = TankAttack.atlas; sourceTree = "<group>"; };
		09C864D11D6D430400C2023B /* TankForward.atlas */ = {isa = PBXFileReference; lastKnownFileType = folder.skatlas; path = TankForward.atlas; sourceTree = "<group>"; };
		09C864D91D6D43CB00C2023B /* powerUp.mp3 */ = {isa = PBXFileReference; lastKnownFileType = audio.mp3; path = powerUp.mp3; sourceTree = "<group>"; };
		09C864DD1D6FEBC800C2023B /* InstructionScene.sks */ = {isa = PBXFileReference; lastKnownFileType = file.sks; path = InstructionScene.sks; sourceTree = "<group>"; };
		09CC3E351D5A971B004BEB39 /* AVFoundation.framework */ = {isa = PBXFileReference; lastKnownFileType = wrapper.framework; name = AVFoundation.framework; path = System/Library/Frameworks/AVFoundation.framework; sourceTree = SDKROOT; };
		09D75D4E1D550BBC00AF76C5 /* Smoke.sks */ = {isa = PBXFileReference; lastKnownFileType = file.sks; path = Smoke.sks; sourceTree = "<group>"; };
		09D75D501D550BE800AF76C5 /* Explode.sks */ = {isa = PBXFileReference; lastKnownFileType = file.sks; path = Explode.sks; sourceTree = "<group>"; };
		09D75D521D5515BF00AF76C5 /* SmokeTrail.sks */ = {isa = PBXFileReference; lastKnownFileType = file.sks; path = SmokeTrail.sks; sourceTree = "<group>"; };
		09D75D561D5803B300AF76C5 /* CoreMotion.framework */ = {isa = PBXFileReference; lastKnownFileType = wrapper.framework; name = CoreMotion.framework; path = System/Library/Frameworks/CoreMotion.framework; sourceTree = SDKROOT; };
		09E1A2F21D693EF100411D1E /* MainMenu.sks */ = {isa = PBXFileReference; lastKnownFileType = file.sks; path = MainMenu.sks; sourceTree = "<group>"; };
		09E1A2F41D6941F300411D1E /* MainMenu.swift */ = {isa = PBXFileReference; fileEncoding = 4; lastKnownFileType = sourcecode.swift; path = MainMenu.swift; sourceTree = "<group>"; };
		09E1A2F61D694AD400411D1E /* guardianpi.ttf */ = {isa = PBXFileReference; lastKnownFileType = file; path = guardianpi.ttf; sourceTree = "<group>"; };
/* End PBXFileReference section */

/* Begin PBXFrameworksBuildPhase section */
		091573101D540E1A00C9B907 /* Frameworks */ = {
			isa = PBXFrameworksBuildPhase;
			buildActionMask = 2147483647;
			files = (
				09CC3E361D5A971B004BEB39 /* AVFoundation.framework in Frameworks */,
				09D75D571D5803B300AF76C5 /* CoreMotion.framework in Frameworks */,
				091573531D5410DF00C9B907 /* SpriteKit.framework in Frameworks */,
			);
			runOnlyForDeploymentPostprocessing = 0;
		};
		091573281D540E1A00C9B907 /* Frameworks */ = {
			isa = PBXFrameworksBuildPhase;
			buildActionMask = 2147483647;
			files = (
			);
			runOnlyForDeploymentPostprocessing = 0;
		};
		091573331D540E1A00C9B907 /* Frameworks */ = {
			isa = PBXFrameworksBuildPhase;
			buildActionMask = 2147483647;
			files = (
			);
			runOnlyForDeploymentPostprocessing = 0;
		};
/* End PBXFrameworksBuildPhase section */

/* Begin PBXGroup section */
		0915730A1D540E1A00C9B907 = {
			isa = PBXGroup;
			children = (
				0915734F1D540FDE00C9B907 /* Frameworks */,
				091573151D540E1A00C9B907 /* SkyEscape */,
				0915732E1D540E1A00C9B907 /* SkyEscapeTests */,
				091573391D540E1A00C9B907 /* SkyEscapeUITests */,
				091573141D540E1A00C9B907 /* Products */,
			);
			sourceTree = "<group>";
		};
		091573141D540E1A00C9B907 /* Products */ = {
			isa = PBXGroup;
			children = (
				091573131D540E1A00C9B907 /* SkyEscape.app */,
				0915732B1D540E1A00C9B907 /* SkyEscapeTests.xctest */,
				091573361D540E1A00C9B907 /* SkyEscapeUITests.xctest */,
			);
			name = Products;
			sourceTree = "<group>";
		};
		091573151D540E1A00C9B907 /* SkyEscape */ = {
			isa = PBXGroup;
			children = (
				091573491D540E6700C9B907 /* AppDelegate */,
				09213BF31D66CF370086D465 /* BackupScenes */,
				091573691D54390400C9B907 /* Emmitter */,
				0915734D1D540EBA00C9B907 /* Resources */,
				09C864C21D6CD60F00C2023B /* InstructionScene */,
				0915734A1D540E8400C9B907 /* MainMenu.sks */,
				0967DE8B1D6A9F2200832C98 /* MyPlane */,
				0915734B1D540E9100C9B907 /* GameScene.swift */,
				091573481D540E4D00C9B907 /* ViewControllers */,
				0915734C1D540EA400C9B907 /* Storyboards */,
			);
			path = SkyEscape;
			sourceTree = "<group>";
		};
		0915732E1D540E1A00C9B907 /* SkyEscapeTests */ = {
			isa = PBXGroup;
			children = (
				0915732F1D540E1A00C9B907 /* SkyEscapeTests.swift */,
				091573311D540E1A00C9B907 /* Info.plist */,
			);
			path = SkyEscapeTests;
			sourceTree = "<group>";
		};
		091573391D540E1A00C9B907 /* SkyEscapeUITests */ = {
			isa = PBXGroup;
			children = (
				0915733A1D540E1A00C9B907 /* SkyEscapeUITests.swift */,
				0915733C1D540E1A00C9B907 /* Info.plist */,
			);
			path = SkyEscapeUITests;
			sourceTree = "<group>";
		};
		091573481D540E4D00C9B907 /* ViewControllers */ = {
			isa = PBXGroup;
			children = (
				0915731C1D540E1A00C9B907 /* GameViewController.swift */,
				09213C081D68E0840086D465 /* RandomFunction.swift */,
			);
			name = ViewControllers;
			sourceTree = "<group>";
		};
		091573491D540E6700C9B907 /* AppDelegate */ = {
			isa = PBXGroup;
			children = (
				091573161D540E1A00C9B907 /* AppDelegate.swift */,
			);
			name = AppDelegate;
			sourceTree = "<group>";
		};
		0915734A1D540E8400C9B907 /* MainMenu.sks */ = {
			isa = PBXGroup;
			children = (
				09E1A2F21D693EF100411D1E /* MainMenu.sks */,
				09E1A2F41D6941F300411D1E /* MainMenu.swift */,
			);
			name = MainMenu.sks;
			sourceTree = "<group>";
		};
		0915734B1D540E9100C9B907 /* GameScene.swift */ = {
			isa = PBXGroup;
			children = (
				091630901D653F6700E86A4E /* GameScene.sks */,
				0915731A1D540E1A00C9B907 /* GameScene.swift */,
			);
			name = GameScene.swift;
			sourceTree = "<group>";
		};
		0915734C1D540EA400C9B907 /* Storyboards */ = {
			isa = PBXGroup;
			children = (
				0915731E1D540E1A00C9B907 /* Main.storyboard */,
				091573231D540E1A00C9B907 /* LaunchScreen.storyboard */,
			);
			name = Storyboards;
			sourceTree = "<group>";
		};
		0915734D1D540EBA00C9B907 /* Resources */ = {
			isa = PBXGroup;
			children = (
				091573261D540E1A00C9B907 /* Info.plist */,
				09E1A2F61D694AD400411D1E /* guardianpi.ttf */,
				0967DE7E1D6A463700832C98 /* Graphics */,
				096092161D5453390085B693 /* Sound */,
				0967DE721D6A432C00832C98 /* Thank you.pdf */,
			);
			name = Resources;
			sourceTree = "<group>";
		};
		0915734F1D540FDE00C9B907 /* Frameworks */ = {
			isa = PBXGroup;
			children = (
				09CC3E351D5A971B004BEB39 /* AVFoundation.framework */,
				09D75D561D5803B300AF76C5 /* CoreMotion.framework */,
				091573521D5410DF00C9B907 /* SpriteKit.framework */,
			);
			name = Frameworks;
			path = SkyEscape.xcodeproj;
			sourceTree = "<group>";
		};
		091573691D54390400C9B907 /* Emmitter */ = {
			isa = PBXGroup;
			children = (
				09D75D501D550BE800AF76C5 /* Explode.sks */,
				091191181D5A1C810096801E /* FireExplosion.sks */,
				0915736A1D54392D00C9B907 /* Gunfire.sks */,
				09D75D4E1D550BBC00AF76C5 /* Smoke.sks */,
				09D75D521D5515BF00AF76C5 /* SmokeTrail.sks */,
				0915736B1D54392D00C9B907 /* spark.png */,
				09213BFE1D67723A0086D465 /* SkyBombs.sks */,
			);
			name = Emmitter;
			sourceTree = "<group>";
		};
		09213BF31D66CF370086D465 /* BackupScenes */ = {
			isa = PBXGroup;
			children = (
				09A3F0A91D60068400A54FBF /* Player.swift */,
				09A3F0991D5FE8F500A54FBF /* Star.swift */,
				09A3F09D1D5FEA1000A54FBF /* Coins.swift */,
				09A3F0AD1D6228C100A54FBF /* Bullets.swift */,
				09A3F0AF1D62367400A54FBF /* Bombs.swift */,
				09A3F0AB1D618EB400A54FBF /* Enemy.swift */,
				09A3F07B1D5D158900A54FBF /* EnemyFire.swift */,
				09A3F0851D5D371500A54FBF /* Tank.swift */,
				09A3F07D1D5D15CB00A54FBF /* EnemyMissiles.swift */,
			);
			name = BackupScenes;
			sourceTree = "<group>";
		};
		096092161D5453390085B693 /* Sound */ = {
			isa = PBXGroup;
			children = (
				091457321D58E45500986C3B /* airplaneFlyBy.mp3 */,
				09213BFA1D676E7D0086D465 /* battle.mp3 */,
				091457351D58E45500986C3B /* bGCannons.mp3 */,
				096092171D5453390085B693 /* bgMusic.mp3 */,
				096092181D5453390085B693 /* biplaneFlying.mp3 */,
				0960921A1D5453390085B693 /* bombDrop.mp3 */,
				0960921B1D5453390085B693 /* crash.mp3 */,
				09213C021D6784FE0086D465 /* flyBy.mp3 */,
				0960921C1D5453390085B693 /* gunfire.mp3 */,
				09213BF81D66DE400086D465 /* machGun.mp3 */,
				09C864BE1D6CCBC600C2023B /* mortarRound.mp3 */,
				09213C061D6797070086D465 /* mp5Gun.mp3 */,
				09C864D91D6D43CB00C2023B /* powerUp.mp3 */,
				09213BF61D66DE320086D465 /* prop.mp3 */,
				09213BFC1D676E840086D465 /* skyBoom.mp3 */,
				09C864B81D6C03C300C2023B /* startGame.mp3 */,
				09C864BC1D6CCBBE00C2023B /* tank.mp3 */,
			);
			path = Sound;
			sourceTree = "<group>";
		};
		0967DE7E1D6A463700832C98 /* Graphics */ = {
			isa = PBXGroup;
			children = (
				0967DE631D6A42EA00832C98 /* Airplanes.atlas */,
				09C864C51D6D181D00C2023B /* AllyPlanes.atlas */,
				09C864C91D6D40DF00C2023B /* AllyPlanes2.atlas */,
				0967DE651D6A42F900832C98 /* Assets.atlas */,
				091573211D540E1A00C9B907 /* Assets.xcassets */,
				09C864C71D6D182E00C2023B /* EnemyPlanes.atlas */,
				09C864CB1D6D41DB00C2023B /* EnemyPlanes2.atlas */,
				09C864CD1D6D430400C2023B /* Turret.atlas */,
				09C864CE1D6D430400C2023B /* SoldierShoot.atlas */,
				09C864CF1D6D430400C2023B /* SoldierWalk.atlas */,
				09C864D01D6D430400C2023B /* TankAttack.atlas */,
				09C864D11D6D430400C2023B /* TankForward.atlas */,
			);
			name = Graphics;
			sourceTree = "<group>";
		};
		0967DE8B1D6A9F2200832C98 /* MyPlane */ = {
			isa = PBXGroup;
			children = (
				0967DE8C1D6A9F6700832C98 /* MyPlane.swift */,
			);
			name = MyPlane;
			sourceTree = "<group>";
		};
		09C864C21D6CD60F00C2023B /* InstructionScene */ = {
			isa = PBXGroup;
			children = (
				09C864DD1D6FEBC800C2023B /* InstructionScene.sks */,
				09C864C01D6CD5FC00C2023B /* InstructionScene.swift */,
			);
			name = InstructionScene;
			sourceTree = "<group>";
		};
/* End PBXGroup section */

/* Begin PBXNativeTarget section */
		091573121D540E1A00C9B907 /* SkyEscape */ = {
			isa = PBXNativeTarget;
			buildConfigurationList = 0915733F1D540E1A00C9B907 /* Build configuration list for PBXNativeTarget "SkyEscape" */;
			buildPhases = (
				0915730F1D540E1A00C9B907 /* Sources */,
				091573101D540E1A00C9B907 /* Frameworks */,
				091573111D540E1A00C9B907 /* Resources */,
			);
			buildRules = (
			);
			dependencies = (
			);
			name = SkyEscape;
			productName = SkyEscape;
			productReference = 091573131D540E1A00C9B907 /* SkyEscape.app */;
			productType = "com.apple.product-type.application";
		};
		0915732A1D540E1A00C9B907 /* SkyEscapeTests */ = {
			isa = PBXNativeTarget;
			buildConfigurationList = 091573421D540E1A00C9B907 /* Build configuration list for PBXNativeTarget "SkyEscapeTests" */;
			buildPhases = (
				091573271D540E1A00C9B907 /* Sources */,
				091573281D540E1A00C9B907 /* Frameworks */,
				091573291D540E1A00C9B907 /* Resources */,
			);
			buildRules = (
			);
			dependencies = (
				0915732D1D540E1A00C9B907 /* PBXTargetDependency */,
			);
			name = SkyEscapeTests;
			productName = SkyEscapeTests;
			productReference = 0915732B1D540E1A00C9B907 /* SkyEscapeTests.xctest */;
			productType = "com.apple.product-type.bundle.unit-test";
		};
		091573351D540E1A00C9B907 /* SkyEscapeUITests */ = {
			isa = PBXNativeTarget;
			buildConfigurationList = 091573451D540E1A00C9B907 /* Build configuration list for PBXNativeTarget "SkyEscapeUITests" */;
			buildPhases = (
				091573321D540E1A00C9B907 /* Sources */,
				091573331D540E1A00C9B907 /* Frameworks */,
				091573341D540E1A00C9B907 /* Resources */,
			);
			buildRules = (
			);
			dependencies = (
				091573381D540E1A00C9B907 /* PBXTargetDependency */,
			);
			name = SkyEscapeUITests;
			productName = SkyEscapeUITests;
			productReference = 091573361D540E1A00C9B907 /* SkyEscapeUITests.xctest */;
			productType = "com.apple.product-type.bundle.ui-testing";
		};
/* End PBXNativeTarget section */

/* Begin PBXProject section */
		0915730B1D540E1A00C9B907 /* Project object */ = {
			isa = PBXProject;
			attributes = {
				LastSwiftUpdateCheck = 0730;
				LastUpgradeCheck = 0730;
				ORGANIZATIONNAME = "Full Sail";
				TargetAttributes = {
					091573121D540E1A00C9B907 = {
						CreatedOnToolsVersion = 7.3.1;
						DevelopmentTeam = 979TTQWNS8;
					};
					0915732A1D540E1A00C9B907 = {
						CreatedOnToolsVersion = 7.3.1;
						DevelopmentTeam = 979TTQWNS8;
						TestTargetID = 091573121D540E1A00C9B907;
					};
					091573351D540E1A00C9B907 = {
						CreatedOnToolsVersion = 7.3.1;
						DevelopmentTeam = 979TTQWNS8;
						TestTargetID = 091573121D540E1A00C9B907;
					};
				};
			};
			buildConfigurationList = 0915730E1D540E1A00C9B907 /* Build configuration list for PBXProject "SkyEscape" */;
			compatibilityVersion = "Xcode 3.2";
			developmentRegion = English;
			hasScannedForEncodings = 0;
			knownRegions = (
				en,
				Base,
			);
			mainGroup = 0915730A1D540E1A00C9B907;
			productRefGroup = 091573141D540E1A00C9B907 /* Products */;
			projectDirPath = "";
			projectRoot = "";
			targets = (
				091573121D540E1A00C9B907 /* SkyEscape */,
				0915732A1D540E1A00C9B907 /* SkyEscapeTests */,
				091573351D540E1A00C9B907 /* SkyEscapeUITests */,
			);
		};
/* End PBXProject section */

/* Begin PBXResourcesBuildPhase section */
		091573111D540E1A00C9B907 /* Resources */ = {
			isa = PBXResourcesBuildPhase;
			buildActionMask = 2147483647;
			files = (
				09D75D531D5515BF00AF76C5 /* SmokeTrail.sks in Resources */,
				09C864BD1D6CCBBE00C2023B /* tank.mp3 in Resources */,
				09C864CA1D6D40DF00C2023B /* AllyPlanes2.atlas in Resources */,
				0967DE661D6A42F900832C98 /* Assets.atlas in Resources */,
				09213BFB1D676E7D0086D465 /* battle.mp3 in Resources */,
				0914573C1D58E45500986C3B /* bGCannons.mp3 in Resources */,
				096092221D5453390085B693 /* bombDrop.mp3 in Resources */,
				09C864D51D6D430400C2023B /* TankAttack.atlas in Resources */,
				09C864CC1D6D41DB00C2023B /* EnemyPlanes2.atlas in Resources */,
				09C864C81D6D182E00C2023B /* EnemyPlanes.atlas in Resources */,
				096092231D5453390085B693 /* crash.mp3 in Resources */,
				09213C031D6784FE0086D465 /* flyBy.mp3 in Resources */,
				09C864C61D6D181D00C2023B /* AllyPlanes.atlas in Resources */,
				09D75D511D550BE800AF76C5 /* Explode.sks in Resources */,
				09213BF91D66DE400086D465 /* machGun.mp3 in Resources */,
				09C864B91D6C03C300C2023B /* startGame.mp3 in Resources */,
				09C864D21D6D430400C2023B /* Turret.atlas in Resources */,
				09213BFF1D67723A0086D465 /* SkyBombs.sks in Resources */,
				091457391D58E45500986C3B /* airplaneFlyBy.mp3 in Resources */,
				09213C071D6797070086D465 /* mp5Gun.mp3 in Resources */,
				0915736D1D54392D00C9B907 /* spark.png in Resources */,
				096092241D5453390085B693 /* gunfire.mp3 in Resources */,
				0967DE731D6A432C00832C98 /* Thank you.pdf in Resources */,
				091191191D5A1C810096801E /* FireExplosion.sks in Resources */,
				091573251D540E1A00C9B907 /* LaunchScreen.storyboard in Resources */,
				091573221D540E1A00C9B907 /* Assets.xcassets in Resources */,
				091573201D540E1A00C9B907 /* Main.storyboard in Resources */,
				09213BFD1D676E840086D465 /* skyBoom.mp3 in Resources */,
				09C864D61D6D430400C2023B /* TankForward.atlas in Resources */,
				09C864D31D6D430400C2023B /* SoldierShoot.atlas in Resources */,
				0967DE641D6A42EA00832C98 /* Airplanes.atlas in Resources */,
				091630911D653F6700E86A4E /* GameScene.sks in Resources */,
				09213BF71D66DE320086D465 /* prop.mp3 in Resources */,
				0960921F1D5453390085B693 /* bgMusic.mp3 in Resources */,
				09C864DE1D6FEBC800C2023B /* InstructionScene.sks in Resources */,
				09D75D4F1D550BBC00AF76C5 /* Smoke.sks in Resources */,
				09E1A2F71D694AD400411D1E /* guardianpi.ttf in Resources */,
				096092201D5453390085B693 /* biplaneFlying.mp3 in Resources */,
				0915736C1D54392D00C9B907 /* Gunfire.sks in Resources */,
				09C864D41D6D430400C2023B /* SoldierWalk.atlas in Resources */,
				09C864DA1D6D43CB00C2023B /* powerUp.mp3 in Resources */,
				09C864BF1D6CCBC600C2023B /* mortarRound.mp3 in Resources */,
				09E1A2F31D693EF100411D1E /* MainMenu.sks in Resources */,
			);
			runOnlyForDeploymentPostprocessing = 0;
		};
		091573291D540E1A00C9B907 /* Resources */ = {
			isa = PBXResourcesBuildPhase;
			buildActionMask = 2147483647;
			files = (
			);
			runOnlyForDeploymentPostprocessing = 0;
		};
		091573341D540E1A00C9B907 /* Resources */ = {
			isa = PBXResourcesBuildPhase;
			buildActionMask = 2147483647;
			files = (
			);
			runOnlyForDeploymentPostprocessing = 0;
		};
/* End PBXResourcesBuildPhase section */

/* Begin PBXSourcesBuildPhase section */
		0915730F1D540E1A00C9B907 /* Sources */ = {
			isa = PBXSourcesBuildPhase;
			buildActionMask = 2147483647;
			files = (
				0967DE8D1D6A9F6700832C98 /* MyPlane.swift in Sources */,
				09C864C11D6CD5FC00C2023B /* InstructionScene.swift in Sources */,
				09A3F0AA1D60068400A54FBF /* Player.swift in Sources */,
				09213C091D68E0840086D465 /* RandomFunction.swift in Sources */,
				0915731B1D540E1A00C9B907 /* GameScene.swift in Sources */,
				0915731D1D540E1A00C9B907 /* GameViewController.swift in Sources */,
				09A3F0B01D62367400A54FBF /* Bombs.swift in Sources */,
				09A3F0861D5D371500A54FBF /* Tank.swift in Sources */,
				09A3F09A1D5FE8F500A54FBF /* Star.swift in Sources */,
				09A3F09E1D5FEA1000A54FBF /* Coins.swift in Sources */,
				09A3F0AC1D618EB400A54FBF /* Enemy.swift in Sources */,
				09E1A2F51D6941F300411D1E /* MainMenu.swift in Sources */,
				09A3F0AE1D6228C100A54FBF /* Bullets.swift in Sources */,
				091573171D540E1A00C9B907 /* AppDelegate.swift in Sources */,
				09A3F07C1D5D158900A54FBF /* EnemyFire.swift in Sources */,
				09A3F07E1D5D15CB00A54FBF /* EnemyMissiles.swift in Sources */,
			);
			runOnlyForDeploymentPostprocessing = 0;
		};
		091573271D540E1A00C9B907 /* Sources */ = {
			isa = PBXSourcesBuildPhase;
			buildActionMask = 2147483647;
			files = (
				091573301D540E1A00C9B907 /* SkyEscapeTests.swift in Sources */,
			);
			runOnlyForDeploymentPostprocessing = 0;
		};
		091573321D540E1A00C9B907 /* Sources */ = {
			isa = PBXSourcesBuildPhase;
			buildActionMask = 2147483647;
			files = (
				0915733B1D540E1A00C9B907 /* SkyEscapeUITests.swift in Sources */,
			);
			runOnlyForDeploymentPostprocessing = 0;
		};
/* End PBXSourcesBuildPhase section */

/* Begin PBXTargetDependency section */
		0915732D1D540E1A00C9B907 /* PBXTargetDependency */ = {
			isa = PBXTargetDependency;
			target = 091573121D540E1A00C9B907 /* SkyEscape */;
			targetProxy = 0915732C1D540E1A00C9B907 /* PBXContainerItemProxy */;
		};
		091573381D540E1A00C9B907 /* PBXTargetDependency */ = {
			isa = PBXTargetDependency;
			target = 091573121D540E1A00C9B907 /* SkyEscape */;
			targetProxy = 091573371D540E1A00C9B907 /* PBXContainerItemProxy */;
		};
/* End PBXTargetDependency section */

/* Begin PBXVariantGroup section */
		0915731E1D540E1A00C9B907 /* Main.storyboard */ = {
			isa = PBXVariantGroup;
			children = (
				0915731F1D540E1A00C9B907 /* Base */,
			);
			name = Main.storyboard;
			sourceTree = "<group>";
		};
		091573231D540E1A00C9B907 /* LaunchScreen.storyboard */ = {
			isa = PBXVariantGroup;
			children = (
				091573241D540E1A00C9B907 /* Base */,
			);
			name = LaunchScreen.storyboard;
			sourceTree = "<group>";
		};
/* End PBXVariantGroup section */

/* Begin XCBuildConfiguration section */
		0915733D1D540E1A00C9B907 /* Debug */ = {
			isa = XCBuildConfiguration;
			buildSettings = {
				ALWAYS_SEARCH_USER_PATHS = NO;
				CLANG_ANALYZER_NONNULL = YES;
				CLANG_CXX_LANGUAGE_STANDARD = "gnu++0x";
				CLANG_CXX_LIBRARY = "libc++";
				CLANG_ENABLE_MODULES = YES;
				CLANG_ENABLE_OBJC_ARC = YES;
				CLANG_WARN_BOOL_CONVERSION = YES;
				CLANG_WARN_CONSTANT_CONVERSION = YES;
				CLANG_WARN_DIRECT_OBJC_ISA_USAGE = YES_ERROR;
				CLANG_WARN_EMPTY_BODY = YES;
				CLANG_WARN_ENUM_CONVERSION = YES;
				CLANG_WARN_INT_CONVERSION = YES;
				CLANG_WARN_OBJC_ROOT_CLASS = YES_ERROR;
				CLANG_WARN_UNREACHABLE_CODE = YES;
				CLANG_WARN__DUPLICATE_METHOD_MATCH = YES;
				"CODE_SIGN_IDENTITY[sdk=iphoneos*]" = "iPhone Developer";
				COPY_PHASE_STRIP = NO;
				DEBUG_INFORMATION_FORMAT = "dwarf-with-dsym";
				ENABLE_STRICT_OBJC_MSGSEND = YES;
				ENABLE_TESTABILITY = YES;
				GCC_C_LANGUAGE_STANDARD = gnu99;
				GCC_DYNAMIC_NO_PIC = NO;
				GCC_NO_COMMON_BLOCKS = YES;
				GCC_OPTIMIZATION_LEVEL = 0;
				GCC_PREPROCESSOR_DEFINITIONS = (
					"DEBUG=1",
					"$(inherited)",
				);
				GCC_WARN_64_TO_32_BIT_CONVERSION = YES;
				GCC_WARN_ABOUT_RETURN_TYPE = YES_ERROR;
				GCC_WARN_UNDECLARED_SELECTOR = YES;
				GCC_WARN_UNINITIALIZED_AUTOS = YES_AGGRESSIVE;
				GCC_WARN_UNUSED_FUNCTION = YES;
				GCC_WARN_UNUSED_VARIABLE = YES;
				IPHONEOS_DEPLOYMENT_TARGET = 9.3;
				MTL_ENABLE_DEBUG_INFO = YES;
				ONLY_ACTIVE_ARCH = YES;
				SDKROOT = iphoneos;
				SWIFT_OPTIMIZATION_LEVEL = "-Onone";
				TARGETED_DEVICE_FAMILY = "1,2";
				"Texture Atlas Maximum Size" = 4096x4096;
			};
			name = Debug;
		};
		0915733E1D540E1A00C9B907 /* Release */ = {
			isa = XCBuildConfiguration;
			buildSettings = {
				ALWAYS_SEARCH_USER_PATHS = NO;
				CLANG_ANALYZER_NONNULL = YES;
				CLANG_CXX_LANGUAGE_STANDARD = "gnu++0x";
				CLANG_CXX_LIBRARY = "libc++";
				CLANG_ENABLE_MODULES = YES;
				CLANG_ENABLE_OBJC_ARC = YES;
				CLANG_WARN_BOOL_CONVERSION = YES;
				CLANG_WARN_CONSTANT_CONVERSION = YES;
				CLANG_WARN_DIRECT_OBJC_ISA_USAGE = YES_ERROR;
				CLANG_WARN_EMPTY_BODY = YES;
				CLANG_WARN_ENUM_CONVERSION = YES;
				CLANG_WARN_INT_CONVERSION = YES;
				CLANG_WARN_OBJC_ROOT_CLASS = YES_ERROR;
				CLANG_WARN_UNREACHABLE_CODE = YES;
				CLANG_WARN__DUPLICATE_METHOD_MATCH = YES;
				"CODE_SIGN_IDENTITY[sdk=iphoneos*]" = "iPhone Developer";
				COPY_PHASE_STRIP = NO;
				DEBUG_INFORMATION_FORMAT = "dwarf-with-dsym";
				ENABLE_NS_ASSERTIONS = NO;
				ENABLE_STRICT_OBJC_MSGSEND = YES;
				GCC_C_LANGUAGE_STANDARD = gnu99;
				GCC_NO_COMMON_BLOCKS = YES;
				GCC_WARN_64_TO_32_BIT_CONVERSION = YES;
				GCC_WARN_ABOUT_RETURN_TYPE = YES_ERROR;
				GCC_WARN_UNDECLARED_SELECTOR = YES;
				GCC_WARN_UNINITIALIZED_AUTOS = YES_AGGRESSIVE;
				GCC_WARN_UNUSED_FUNCTION = YES;
				GCC_WARN_UNUSED_VARIABLE = YES;
				IPHONEOS_DEPLOYMENT_TARGET = 9.3;
				MTL_ENABLE_DEBUG_INFO = NO;
				SDKROOT = iphoneos;
				TARGETED_DEVICE_FAMILY = "1,2";
				"Texture Atlas Maximum Size" = 4096x4096;
				VALIDATE_PRODUCT = YES;
			};
			name = Release;
		};
		091573401D540E1A00C9B907 /* Debug */ = {
			isa = XCBuildConfiguration;
			buildSettings = {
				ASSETCATALOG_COMPILER_APPICON_NAME = AppIcon;
				INFOPLIST_FILE = SkyEscape/Info.plist;
				LD_RUNPATH_SEARCH_PATHS = "$(inherited) @executable_path/Frameworks";
				PRODUCT_BUNDLE_IDENTIFIER = com.FullSail.SkyEscape;
				PRODUCT_NAME = "$(TARGET_NAME)";
				TARGETED_DEVICE_FAMILY = "1,2";
			};
			name = Debug;
		};
		091573411D540E1A00C9B907 /* Release */ = {
			isa = XCBuildConfiguration;
			buildSettings = {
				ASSETCATALOG_COMPILER_APPICON_NAME = AppIcon;
				INFOPLIST_FILE = SkyEscape/Info.plist;
				LD_RUNPATH_SEARCH_PATHS = "$(inherited) @executable_path/Frameworks";
				PRODUCT_BUNDLE_IDENTIFIER = com.FullSail.SkyEscape;
				PRODUCT_NAME = "$(TARGET_NAME)";
				TARGETED_DEVICE_FAMILY = "1,2";
			};
			name = Release;
		};
		091573431D540E1A00C9B907 /* Debug */ = {
			isa = XCBuildConfiguration;
			buildSettings = {
				BUNDLE_LOADER = "$(TEST_HOST)";
				DEBUG_INFORMATION_FORMAT = dwarf;
				INFOPLIST_FILE = SkyEscapeTests/Info.plist;
				LD_RUNPATH_SEARCH_PATHS = "$(inherited) @executable_path/Frameworks @loader_path/Frameworks";
				PRODUCT_BUNDLE_IDENTIFIER = com.FullSail.SkyEscapeTests;
				PRODUCT_NAME = "$(TARGET_NAME)";
				TEST_HOST = "$(BUILT_PRODUCTS_DIR)/SkyEscape.app/SkyEscape";
			};
			name = Debug;
		};
		091573441D540E1A00C9B907 /* Release */ = {
			isa = XCBuildConfiguration;
			buildSettings = {
				BUNDLE_LOADER = "$(TEST_HOST)";
				INFOPLIST_FILE = SkyEscapeTests/Info.plist;
				LD_RUNPATH_SEARCH_PATHS = "$(inherited) @executable_path/Frameworks @loader_path/Frameworks";
				PRODUCT_BUNDLE_IDENTIFIER = com.FullSail.SkyEscapeTests;
				PRODUCT_NAME = "$(TARGET_NAME)";
				TEST_HOST = "$(BUILT_PRODUCTS_DIR)/SkyEscape.app/SkyEscape";
			};
			name = Release;
		};
		091573461D540E1A00C9B907 /* Debug */ = {
			isa = XCBuildConfiguration;
			buildSettings = {
				DEBUG_INFORMATION_FORMAT = dwarf;
				INFOPLIST_FILE = SkyEscapeUITests/Info.plist;
				LD_RUNPATH_SEARCH_PATHS = "$(inherited) @executable_path/Frameworks @loader_path/Frameworks";
				PRODUCT_BUNDLE_IDENTIFIER = com.FullSail.SkyEscapeUITests;
				PRODUCT_NAME = "$(TARGET_NAME)";
				TEST_TARGET_NAME = SkyEscape;
			};
			name = Debug;
		};
		091573471D540E1A00C9B907 /* Release */ = {
			isa = XCBuildConfiguration;
			buildSettings = {
				INFOPLIST_FILE = SkyEscapeUITests/Info.plist;
				LD_RUNPATH_SEARCH_PATHS = "$(inherited) @executable_path/Frameworks @loader_path/Frameworks";
				PRODUCT_BUNDLE_IDENTIFIER = com.FullSail.SkyEscapeUITests;
				PRODUCT_NAME = "$(TARGET_NAME)";
				TEST_TARGET_NAME = SkyEscape;
			};
			name = Release;
		};
/* End XCBuildConfiguration section */

/* Begin XCConfigurationList section */
		0915730E1D540E1A00C9B907 /* Build configuration list for PBXProject "SkyEscape" */ = {
			isa = XCConfigurationList;
			buildConfigurations = (
				0915733D1D540E1A00C9B907 /* Debug */,
				0915733E1D540E1A00C9B907 /* Release */,
			);
			defaultConfigurationIsVisible = 0;
			defaultConfigurationName = Release;
		};
		0915733F1D540E1A00C9B907 /* Build configuration list for PBXNativeTarget "SkyEscape" */ = {
			isa = XCConfigurationList;
			buildConfigurations = (
				091573401D540E1A00C9B907 /* Debug */,
				091573411D540E1A00C9B907 /* Release */,
			);
			defaultConfigurationIsVisible = 0;
			defaultConfigurationName = Release;
		};
		091573421D540E1A00C9B907 /* Build configuration list for PBXNativeTarget "SkyEscapeTests" */ = {
			isa = XCConfigurationList;
			buildConfigurations = (
				091573431D540E1A00C9B907 /* Debug */,
				091573441D540E1A00C9B907 /* Release */,
			);
			defaultConfigurationIsVisible = 0;
			defaultConfigurationName = Release;
		};
		091573451D540E1A00C9B907 /* Build configuration list for PBXNativeTarget "SkyEscapeUITests" */ = {
			isa = XCConfigurationList;
			buildConfigurations = (
				091573461D540E1A00C9B907 /* Debug */,
				091573471D540E1A00C9B907 /* Release */,
			);
			defaultConfigurationIsVisible = 0;
			defaultConfigurationName = Release;
		};
/* End XCConfigurationList section */
	};
	rootObject = 0915730B1D540E1A00C9B907 /* Project object */;
}
